// !$*UTF8*$!
{
	archiveVersion = 1;
	classes = {
	};
	objectVersion = 46;
	objects = {

/* Begin PBXBuildFile section */
		1DE77A4F8A73F2CC37E30F20 /* Pods_SampleDeveloperApp.framework in Frameworks */ = {isa = PBXBuildFile; fileRef = 8A31552F6CC49FE3FF26C3B8 /* Pods_SampleDeveloperApp.framework */; };
		7CD8CEF4A189A670EDB5D661 /* Pods_SampleDeveloperAppUITests.framework in Frameworks */ = {isa = PBXBuildFile; fileRef = 639CC45DF79D00CF7DA101BB /* Pods_SampleDeveloperAppUITests.framework */; };
		AF83A9241D2C0B4128F37F79 /* Pods_SampleDeveloperApp_SampleDeveloperAppUITests.framework in Frameworks */ = {isa = PBXBuildFile; fileRef = 53B6F9AAC6DB71BA924F1E5D /* Pods_SampleDeveloperApp_SampleDeveloperAppUITests.framework */; };
		B8D2599CF9AE2611C3268FC5 /* Pods_SampleDeveloperApp_SampleDeveloperAppTests.framework in Frameworks */ = {isa = PBXBuildFile; fileRef = 3ABAD6BDC6463BF15F5CDDD2 /* Pods_SampleDeveloperApp_SampleDeveloperAppTests.framework */; };
		C30E0DBF13BFC57C7AB60E17 /* Pods_SampleDeveloperAppTests.framework in Frameworks */ = {isa = PBXBuildFile; fileRef = C9A417783EDAB654E9EFF656 /* Pods_SampleDeveloperAppTests.framework */; };
		E11E76741F8C816F00FEA764 /* GoogleService-Info.plist in Resources */ = {isa = PBXBuildFile; fileRef = E11E76731F8C816F00FEA764 /* GoogleService-Info.plist */; };
		E11E76751F8C816F00FEA764 /* GoogleService-Info.plist in Resources */ = {isa = PBXBuildFile; fileRef = E11E76731F8C816F00FEA764 /* GoogleService-Info.plist */; };
		E11E76761F8C816F00FEA764 /* GoogleService-Info.plist in Resources */ = {isa = PBXBuildFile; fileRef = E11E76731F8C816F00FEA764 /* GoogleService-Info.plist */; };
		E11F526120549E1700DD8990 /* CKTrends.swift in Sources */ = {isa = PBXBuildFile; fileRef = E11F526020549E1700DD8990 /* CKTrends.swift */; };
		E13079D62055CD8D0074CD5B /* CKTrendsAPI.framework in Frameworks */ = {isa = PBXBuildFile; fileRef = E13079CD2055CD8C0074CD5B /* CKTrendsAPI.framework */; };
		E13079DD2055CD8D0074CD5B /* CKTrendsAPITests.swift in Sources */ = {isa = PBXBuildFile; fileRef = E13079DC2055CD8D0074CD5B /* CKTrendsAPITests.swift */; };
		E13079DF2055CD8D0074CD5B /* CKTrendsAPI.h in Headers */ = {isa = PBXBuildFile; fileRef = E13079CF2055CD8C0074CD5B /* CKTrendsAPI.h */; settings = {ATTRIBUTES = (Public, ); }; };
		E13079E22055CD8D0074CD5B /* CKTrendsAPI.framework in Frameworks */ = {isa = PBXBuildFile; fileRef = E13079CD2055CD8C0074CD5B /* CKTrendsAPI.framework */; };
		E13079E32055CD8D0074CD5B /* CKTrendsAPI.framework in Embed Frameworks */ = {isa = PBXBuildFile; fileRef = E13079CD2055CD8C0074CD5B /* CKTrendsAPI.framework */; settings = {ATTRIBUTES = (CodeSignOnCopy, RemoveHeadersOnCopy, ); }; };
		E13079EB2055CDA80074CD5B /* CKTrends.swift in Sources */ = {isa = PBXBuildFile; fileRef = E11F526020549E1700DD8990 /* CKTrends.swift */; };
		E13079EC2055CDAD0074CD5B /* CKTrendsUtilities.swift in Sources */ = {isa = PBXBuildFile; fileRef = E1731EE12011A45D0080646C /* CKTrendsUtilities.swift */; };
		E13079EE2055CEAA0074CD5B /* FirebaseAuth.framework in Frameworks */ = {isa = PBXBuildFile; fileRef = E13079ED2055CEAA0074CD5B /* FirebaseAuth.framework */; };
		E13079F02055CEAE0074CD5B /* GTMSessionFetcher.framework in Frameworks */ = {isa = PBXBuildFile; fileRef = E13079EF2055CEAE0074CD5B /* GTMSessionFetcher.framework */; };
		E13079F22055CEB20074CD5B /* FirebaseDatabase.framework in Frameworks */ = {isa = PBXBuildFile; fileRef = E13079F12055CEB20074CD5B /* FirebaseDatabase.framework */; };
		E13079F42055CEB50074CD5B /* leveldb-library.framework in Frameworks */ = {isa = PBXBuildFile; fileRef = E13079F32055CEB50074CD5B /* leveldb-library.framework */; };
		E13079FC2055CEC10074CD5B /* FirebaseCoreDiagnostics.framework in Frameworks */ = {isa = PBXBuildFile; fileRef = E13079F52055CEC10074CD5B /* FirebaseCoreDiagnostics.framework */; };
		E13079FD2055CEC10074CD5B /* FirebaseNanoPB.framework in Frameworks */ = {isa = PBXBuildFile; fileRef = E13079F62055CEC10074CD5B /* FirebaseNanoPB.framework */; };
		E13079FE2055CEC10074CD5B /* FirebaseCore.framework in Frameworks */ = {isa = PBXBuildFile; fileRef = E13079F72055CEC10074CD5B /* FirebaseCore.framework */; };
		E13079FF2055CEC10074CD5B /* FirebaseAnalytics.framework in Frameworks */ = {isa = PBXBuildFile; fileRef = E13079F82055CEC10074CD5B /* FirebaseAnalytics.framework */; };
		E1307A002055CEC10074CD5B /* nanopb.framework in Frameworks */ = {isa = PBXBuildFile; fileRef = E13079F92055CEC10074CD5B /* nanopb.framework */; };
		E1307A012055CEC10074CD5B /* GoogleToolboxForMac.framework in Frameworks */ = {isa = PBXBuildFile; fileRef = E13079FA2055CEC10074CD5B /* GoogleToolboxForMac.framework */; };
		E1307A022055CEC10074CD5B /* FirebaseInstanceID.framework in Frameworks */ = {isa = PBXBuildFile; fileRef = E13079FB2055CEC10074CD5B /* FirebaseInstanceID.framework */; };
		E1307A052055CED10074CD5B /* FirebaseStorage.framework in Frameworks */ = {isa = PBXBuildFile; fileRef = E1307A032055CED10074CD5B /* FirebaseStorage.framework */; };
		E1307A062055CED10074CD5B /* GTMSessionFetcher.framework in Frameworks */ = {isa = PBXBuildFile; fileRef = E1307A042055CED10074CD5B /* GTMSessionFetcher.framework */; };
		E14CB1D01F77577C00F8C23F /* AppDelegate.swift in Sources */ = {isa = PBXBuildFile; fileRef = E14CB1CF1F77577C00F8C23F /* AppDelegate.swift */; };
		E14CB1D21F77577C00F8C23F /* FirstViewController.swift in Sources */ = {isa = PBXBuildFile; fileRef = E14CB1D11F77577C00F8C23F /* FirstViewController.swift */; };
		E14CB1D41F77577C00F8C23F /* SecondViewController.swift in Sources */ = {isa = PBXBuildFile; fileRef = E14CB1D31F77577C00F8C23F /* SecondViewController.swift */; };
		E14CB1D71F77577C00F8C23F /* Main.storyboard in Resources */ = {isa = PBXBuildFile; fileRef = E14CB1D51F77577C00F8C23F /* Main.storyboard */; };
		E14CB1D91F77577C00F8C23F /* Assets.xcassets in Resources */ = {isa = PBXBuildFile; fileRef = E14CB1D81F77577C00F8C23F /* Assets.xcassets */; };
		E14CB1DC1F77577C00F8C23F /* LaunchScreen.storyboard in Resources */ = {isa = PBXBuildFile; fileRef = E14CB1DA1F77577C00F8C23F /* LaunchScreen.storyboard */; };
		E14CB1E71F77577C00F8C23F /* SampleDeveloperAppTests.swift in Sources */ = {isa = PBXBuildFile; fileRef = E14CB1E61F77577C00F8C23F /* SampleDeveloperAppTests.swift */; };
		E14CB1F21F77577C00F8C23F /* SampleDeveloperAppUITests.swift in Sources */ = {isa = PBXBuildFile; fileRef = E14CB1F11F77577C00F8C23F /* SampleDeveloperAppUITests.swift */; };
		E14CB2021F77591700F8C23F /* CloudKit.framework in Frameworks */ = {isa = PBXBuildFile; fileRef = E14CB2011F77591700F8C23F /* CloudKit.framework */; };
		E1731EE22011A45D0080646C /* CKTrendsUtilities.swift in Sources */ = {isa = PBXBuildFile; fileRef = E1731EE12011A45D0080646C /* CKTrendsUtilities.swift */; };
/* End PBXBuildFile section */

/* Begin PBXContainerItemProxy section */
		E13079D72055CD8D0074CD5B /* PBXContainerItemProxy */ = {
			isa = PBXContainerItemProxy;
			containerPortal = E14CB1C41F77577C00F8C23F /* Project object */;
			proxyType = 1;
			remoteGlobalIDString = E13079CC2055CD8C0074CD5B;
			remoteInfo = CKTrendsAPI;
		};
		E13079D92055CD8D0074CD5B /* PBXContainerItemProxy */ = {
			isa = PBXContainerItemProxy;
			containerPortal = E14CB1C41F77577C00F8C23F /* Project object */;
			proxyType = 1;
			remoteGlobalIDString = E14CB1CB1F77577C00F8C23F;
			remoteInfo = SampleDeveloperApp;
		};
		E13079E02055CD8D0074CD5B /* PBXContainerItemProxy */ = {
			isa = PBXContainerItemProxy;
			containerPortal = E14CB1C41F77577C00F8C23F /* Project object */;
			proxyType = 1;
			remoteGlobalIDString = E13079CC2055CD8C0074CD5B;
			remoteInfo = CKTrendsAPI;
		};
		E14CB1E31F77577C00F8C23F /* PBXContainerItemProxy */ = {
			isa = PBXContainerItemProxy;
			containerPortal = E14CB1C41F77577C00F8C23F /* Project object */;
			proxyType = 1;
			remoteGlobalIDString = E14CB1CB1F77577C00F8C23F;
			remoteInfo = SampleDeveloperApp;
		};
		E14CB1EE1F77577C00F8C23F /* PBXContainerItemProxy */ = {
			isa = PBXContainerItemProxy;
			containerPortal = E14CB1C41F77577C00F8C23F /* Project object */;
			proxyType = 1;
			remoteGlobalIDString = E14CB1CB1F77577C00F8C23F;
			remoteInfo = SampleDeveloperApp;
		};
/* End PBXContainerItemProxy section */

/* Begin PBXCopyFilesBuildPhase section */
		E13079E92055CD8D0074CD5B /* Embed Frameworks */ = {
			isa = PBXCopyFilesBuildPhase;
			buildActionMask = 2147483647;
			dstPath = "";
			dstSubfolderSpec = 10;
			files = (
				E13079E32055CD8D0074CD5B /* CKTrendsAPI.framework in Embed Frameworks */,
			);
			name = "Embed Frameworks";
			runOnlyForDeploymentPostprocessing = 0;
		};
/* End PBXCopyFilesBuildPhase section */

/* Begin PBXFileReference section */
		2E55A0879E3642A6B376588A /* Pods-SampleDeveloperApp-SampleDeveloperAppTests.debug.xcconfig */ = {isa = PBXFileReference; includeInIndex = 1; lastKnownFileType = text.xcconfig; name = "Pods-SampleDeveloperApp-SampleDeveloperAppTests.debug.xcconfig"; path = "Pods/Target Support Files/Pods-SampleDeveloperApp-SampleDeveloperAppTests/Pods-SampleDeveloperApp-SampleDeveloperAppTests.debug.xcconfig"; sourceTree = "<group>"; };
		3ABAD6BDC6463BF15F5CDDD2 /* Pods_SampleDeveloperApp_SampleDeveloperAppTests.framework */ = {isa = PBXFileReference; explicitFileType = wrapper.framework; includeInIndex = 0; path = Pods_SampleDeveloperApp_SampleDeveloperAppTests.framework; sourceTree = BUILT_PRODUCTS_DIR; };
		3F45A4C52056DFBDF71FFC15 /* Pods-SampleDeveloperAppUITests.debug.xcconfig */ = {isa = PBXFileReference; includeInIndex = 1; lastKnownFileType = text.xcconfig; name = "Pods-SampleDeveloperAppUITests.debug.xcconfig"; path = "Pods/Target Support Files/Pods-SampleDeveloperAppUITests/Pods-SampleDeveloperAppUITests.debug.xcconfig"; sourceTree = "<group>"; };
		53B6F9AAC6DB71BA924F1E5D /* Pods_SampleDeveloperApp_SampleDeveloperAppUITests.framework */ = {isa = PBXFileReference; explicitFileType = wrapper.framework; includeInIndex = 0; path = Pods_SampleDeveloperApp_SampleDeveloperAppUITests.framework; sourceTree = BUILT_PRODUCTS_DIR; };
		59232E5DACCCADACC62A5123 /* Pods-SampleDeveloperApp-SampleDeveloperAppUITests.release.xcconfig */ = {isa = PBXFileReference; includeInIndex = 1; lastKnownFileType = text.xcconfig; name = "Pods-SampleDeveloperApp-SampleDeveloperAppUITests.release.xcconfig"; path = "Pods/Target Support Files/Pods-SampleDeveloperApp-SampleDeveloperAppUITests/Pods-SampleDeveloperApp-SampleDeveloperAppUITests.release.xcconfig"; sourceTree = "<group>"; };
		639CC45DF79D00CF7DA101BB /* Pods_SampleDeveloperAppUITests.framework */ = {isa = PBXFileReference; explicitFileType = wrapper.framework; includeInIndex = 0; path = Pods_SampleDeveloperAppUITests.framework; sourceTree = BUILT_PRODUCTS_DIR; };
		6C02E4DDE68ED8A4F7EEA4BD /* Pods-SampleDeveloperAppUITests.release.xcconfig */ = {isa = PBXFileReference; includeInIndex = 1; lastKnownFileType = text.xcconfig; name = "Pods-SampleDeveloperAppUITests.release.xcconfig"; path = "Pods/Target Support Files/Pods-SampleDeveloperAppUITests/Pods-SampleDeveloperAppUITests.release.xcconfig"; sourceTree = "<group>"; };
		85507C50E5117CBE67B14FB8 /* Pods-SampleDeveloperApp.debug.xcconfig */ = {isa = PBXFileReference; includeInIndex = 1; lastKnownFileType = text.xcconfig; name = "Pods-SampleDeveloperApp.debug.xcconfig"; path = "Pods/Target Support Files/Pods-SampleDeveloperApp/Pods-SampleDeveloperApp.debug.xcconfig"; sourceTree = "<group>"; };
		8A31552F6CC49FE3FF26C3B8 /* Pods_SampleDeveloperApp.framework */ = {isa = PBXFileReference; explicitFileType = wrapper.framework; includeInIndex = 0; path = Pods_SampleDeveloperApp.framework; sourceTree = BUILT_PRODUCTS_DIR; };
		985A9DC4B7B26D9E55CF79E4 /* Pods-SampleDeveloperApp-SampleDeveloperAppTests.release.xcconfig */ = {isa = PBXFileReference; includeInIndex = 1; lastKnownFileType = text.xcconfig; name = "Pods-SampleDeveloperApp-SampleDeveloperAppTests.release.xcconfig"; path = "Pods/Target Support Files/Pods-SampleDeveloperApp-SampleDeveloperAppTests/Pods-SampleDeveloperApp-SampleDeveloperAppTests.release.xcconfig"; sourceTree = "<group>"; };
		9BE99335BD454EE0DA252C0C /* Pods-SampleDeveloperAppTests.release.xcconfig */ = {isa = PBXFileReference; includeInIndex = 1; lastKnownFileType = text.xcconfig; name = "Pods-SampleDeveloperAppTests.release.xcconfig"; path = "Pods/Target Support Files/Pods-SampleDeveloperAppTests/Pods-SampleDeveloperAppTests.release.xcconfig"; sourceTree = "<group>"; };
		9C508BDF3357399EB9499A85 /* Pods-SampleDeveloperApp-SampleDeveloperAppUITests.debug.xcconfig */ = {isa = PBXFileReference; includeInIndex = 1; lastKnownFileType = text.xcconfig; name = "Pods-SampleDeveloperApp-SampleDeveloperAppUITests.debug.xcconfig"; path = "Pods/Target Support Files/Pods-SampleDeveloperApp-SampleDeveloperAppUITests/Pods-SampleDeveloperApp-SampleDeveloperAppUITests.debug.xcconfig"; sourceTree = "<group>"; };
		C9A417783EDAB654E9EFF656 /* Pods_SampleDeveloperAppTests.framework */ = {isa = PBXFileReference; explicitFileType = wrapper.framework; includeInIndex = 0; path = Pods_SampleDeveloperAppTests.framework; sourceTree = BUILT_PRODUCTS_DIR; };
		D24D217A15BB19D06A83C602 /* Pods-SampleDeveloperAppTests.debug.xcconfig */ = {isa = PBXFileReference; includeInIndex = 1; lastKnownFileType = text.xcconfig; name = "Pods-SampleDeveloperAppTests.debug.xcconfig"; path = "Pods/Target Support Files/Pods-SampleDeveloperAppTests/Pods-SampleDeveloperAppTests.debug.xcconfig"; sourceTree = "<group>"; };
		E11E76731F8C816F00FEA764 /* GoogleService-Info.plist */ = {isa = PBXFileReference; fileEncoding = 4; lastKnownFileType = text.plist; name = "GoogleService-Info.plist"; path = "/Users/MarissaLeCoz/Documents/xCode/SampleDeveloperApp/SampleDeveloperApp/../../../../Downloads/GoogleService-Info.plist"; sourceTree = "<absolute>"; };
		E11F526020549E1700DD8990 /* CKTrends.swift */ = {isa = PBXFileReference; lastKnownFileType = sourcecode.swift; path = CKTrends.swift; sourceTree = "<group>"; };
		E13079CD2055CD8C0074CD5B /* CKTrendsAPI.framework */ = {isa = PBXFileReference; explicitFileType = wrapper.framework; includeInIndex = 0; path = CKTrendsAPI.framework; sourceTree = BUILT_PRODUCTS_DIR; };
		E13079CF2055CD8C0074CD5B /* CKTrendsAPI.h */ = {isa = PBXFileReference; lastKnownFileType = sourcecode.c.h; path = CKTrendsAPI.h; sourceTree = "<group>"; };
		E13079D02055CD8C0074CD5B /* Info.plist */ = {isa = PBXFileReference; lastKnownFileType = text.plist.xml; path = Info.plist; sourceTree = "<group>"; };
		E13079D52055CD8D0074CD5B /* CKTrendsAPITests.xctest */ = {isa = PBXFileReference; explicitFileType = wrapper.cfbundle; includeInIndex = 0; path = CKTrendsAPITests.xctest; sourceTree = BUILT_PRODUCTS_DIR; };
		E13079DC2055CD8D0074CD5B /* CKTrendsAPITests.swift */ = {isa = PBXFileReference; lastKnownFileType = sourcecode.swift; path = CKTrendsAPITests.swift; sourceTree = "<group>"; };
		E13079DE2055CD8D0074CD5B /* Info.plist */ = {isa = PBXFileReference; lastKnownFileType = text.plist.xml; path = Info.plist; sourceTree = "<group>"; };
		E13079ED2055CEAA0074CD5B /* FirebaseAuth.framework */ = {isa = PBXFileReference; lastKnownFileType = wrapper.framework; name = FirebaseAuth.framework; path = Firebase/Auth/FirebaseAuth.framework; sourceTree = "<group>"; };
		E13079EF2055CEAE0074CD5B /* GTMSessionFetcher.framework */ = {isa = PBXFileReference; lastKnownFileType = wrapper.framework; name = GTMSessionFetcher.framework; path = Firebase/Auth/GTMSessionFetcher.framework; sourceTree = "<group>"; };
		E13079F12055CEB20074CD5B /* FirebaseDatabase.framework */ = {isa = PBXFileReference; lastKnownFileType = wrapper.framework; name = FirebaseDatabase.framework; path = Firebase/Database/FirebaseDatabase.framework; sourceTree = "<group>"; };
		E13079F32055CEB50074CD5B /* leveldb-library.framework */ = {isa = PBXFileReference; lastKnownFileType = wrapper.framework; name = "leveldb-library.framework"; path = "Firebase/Database/leveldb-library.framework"; sourceTree = "<group>"; };
		E13079F52055CEC10074CD5B /* FirebaseCoreDiagnostics.framework */ = {isa = PBXFileReference; lastKnownFileType = wrapper.framework; name = FirebaseCoreDiagnostics.framework; path = Firebase/Analytics/FirebaseCoreDiagnostics.framework; sourceTree = "<group>"; };
		E13079F62055CEC10074CD5B /* FirebaseNanoPB.framework */ = {isa = PBXFileReference; lastKnownFileType = wrapper.framework; name = FirebaseNanoPB.framework; path = Firebase/Analytics/FirebaseNanoPB.framework; sourceTree = "<group>"; };
		E13079F72055CEC10074CD5B /* FirebaseCore.framework */ = {isa = PBXFileReference; lastKnownFileType = wrapper.framework; name = FirebaseCore.framework; path = Firebase/Analytics/FirebaseCore.framework; sourceTree = "<group>"; };
		E13079F82055CEC10074CD5B /* FirebaseAnalytics.framework */ = {isa = PBXFileReference; lastKnownFileType = wrapper.framework; name = FirebaseAnalytics.framework; path = Firebase/Analytics/FirebaseAnalytics.framework; sourceTree = "<group>"; };
		E13079F92055CEC10074CD5B /* nanopb.framework */ = {isa = PBXFileReference; lastKnownFileType = wrapper.framework; name = nanopb.framework; path = Firebase/Analytics/nanopb.framework; sourceTree = "<group>"; };
		E13079FA2055CEC10074CD5B /* GoogleToolboxForMac.framework */ = {isa = PBXFileReference; lastKnownFileType = wrapper.framework; name = GoogleToolboxForMac.framework; path = Firebase/Analytics/GoogleToolboxForMac.framework; sourceTree = "<group>"; };
		E13079FB2055CEC10074CD5B /* FirebaseInstanceID.framework */ = {isa = PBXFileReference; lastKnownFileType = wrapper.framework; name = FirebaseInstanceID.framework; path = Firebase/Analytics/FirebaseInstanceID.framework; sourceTree = "<group>"; };
		E1307A032055CED10074CD5B /* FirebaseStorage.framework */ = {isa = PBXFileReference; lastKnownFileType = wrapper.framework; name = FirebaseStorage.framework; path = Firebase/Storage/FirebaseStorage.framework; sourceTree = "<group>"; };
		E1307A042055CED10074CD5B /* GTMSessionFetcher.framework */ = {isa = PBXFileReference; lastKnownFileType = wrapper.framework; name = GTMSessionFetcher.framework; path = Firebase/Storage/GTMSessionFetcher.framework; sourceTree = "<group>"; };
		E14CB1CC1F77577C00F8C23F /* SampleDeveloperApp.app */ = {isa = PBXFileReference; explicitFileType = wrapper.application; includeInIndex = 0; path = SampleDeveloperApp.app; sourceTree = BUILT_PRODUCTS_DIR; };
		E14CB1CF1F77577C00F8C23F /* AppDelegate.swift */ = {isa = PBXFileReference; lastKnownFileType = sourcecode.swift; path = AppDelegate.swift; sourceTree = "<group>"; };
		E14CB1D11F77577C00F8C23F /* FirstViewController.swift */ = {isa = PBXFileReference; lastKnownFileType = sourcecode.swift; path = FirstViewController.swift; sourceTree = "<group>"; };
		E14CB1D31F77577C00F8C23F /* SecondViewController.swift */ = {isa = PBXFileReference; lastKnownFileType = sourcecode.swift; path = SecondViewController.swift; sourceTree = "<group>"; };
		E14CB1D61F77577C00F8C23F /* Base */ = {isa = PBXFileReference; lastKnownFileType = file.storyboard; name = Base; path = Base.lproj/Main.storyboard; sourceTree = "<group>"; };
		E14CB1D81F77577C00F8C23F /* Assets.xcassets */ = {isa = PBXFileReference; lastKnownFileType = folder.assetcatalog; path = Assets.xcassets; sourceTree = "<group>"; };
		E14CB1DB1F77577C00F8C23F /* Base */ = {isa = PBXFileReference; lastKnownFileType = file.storyboard; name = Base; path = Base.lproj/LaunchScreen.storyboard; sourceTree = "<group>"; };
		E14CB1DD1F77577C00F8C23F /* Info.plist */ = {isa = PBXFileReference; lastKnownFileType = text.plist.xml; path = Info.plist; sourceTree = "<group>"; };
		E14CB1E21F77577C00F8C23F /* SampleDeveloperAppTests.xctest */ = {isa = PBXFileReference; explicitFileType = wrapper.cfbundle; includeInIndex = 0; path = SampleDeveloperAppTests.xctest; sourceTree = BUILT_PRODUCTS_DIR; };
		E14CB1E61F77577C00F8C23F /* SampleDeveloperAppTests.swift */ = {isa = PBXFileReference; lastKnownFileType = sourcecode.swift; path = SampleDeveloperAppTests.swift; sourceTree = "<group>"; };
		E14CB1E81F77577C00F8C23F /* Info.plist */ = {isa = PBXFileReference; lastKnownFileType = text.plist.xml; path = Info.plist; sourceTree = "<group>"; };
		E14CB1ED1F77577C00F8C23F /* SampleDeveloperAppUITests.xctest */ = {isa = PBXFileReference; explicitFileType = wrapper.cfbundle; includeInIndex = 0; path = SampleDeveloperAppUITests.xctest; sourceTree = BUILT_PRODUCTS_DIR; };
		E14CB1F11F77577C00F8C23F /* SampleDeveloperAppUITests.swift */ = {isa = PBXFileReference; lastKnownFileType = sourcecode.swift; path = SampleDeveloperAppUITests.swift; sourceTree = "<group>"; };
		E14CB1F31F77577C00F8C23F /* Info.plist */ = {isa = PBXFileReference; lastKnownFileType = text.plist.xml; path = Info.plist; sourceTree = "<group>"; };
		E14CB1FF1F77591300F8C23F /* SampleDeveloperApp.entitlements */ = {isa = PBXFileReference; lastKnownFileType = text.plist.entitlements; path = SampleDeveloperApp.entitlements; sourceTree = "<group>"; };
		E14CB2011F77591700F8C23F /* CloudKit.framework */ = {isa = PBXFileReference; lastKnownFileType = wrapper.framework; name = CloudKit.framework; path = System/Library/Frameworks/CloudKit.framework; sourceTree = SDKROOT; };
		E1731EE12011A45D0080646C /* CKTrendsUtilities.swift */ = {isa = PBXFileReference; lastKnownFileType = sourcecode.swift; path = CKTrendsUtilities.swift; sourceTree = "<group>"; };
		E1B9C3ED2014063700B596AF /* PromiseKit.framework */ = {isa = PBXFileReference; explicitFileType = wrapper.framework; path = PromiseKit.framework; sourceTree = BUILT_PRODUCTS_DIR; };
		E1B9C3EF2014258700B596AF /* PromiseKit.framework */ = {isa = PBXFileReference; explicitFileType = wrapper.framework; path = PromiseKit.framework; sourceTree = BUILT_PRODUCTS_DIR; };
		E1B9C3F12014259200B596AF /* PromiseKit.framework */ = {isa = PBXFileReference; explicitFileType = wrapper.framework; path = PromiseKit.framework; sourceTree = BUILT_PRODUCTS_DIR; };
		E1B9C3F32014259B00B596AF /* PromiseKit.framework */ = {isa = PBXFileReference; explicitFileType = wrapper.framework; path = PromiseKit.framework; sourceTree = BUILT_PRODUCTS_DIR; };
		EBE9F5893BB2C2FBF78C8AF6 /* Pods-SampleDeveloperApp.release.xcconfig */ = {isa = PBXFileReference; includeInIndex = 1; lastKnownFileType = text.xcconfig; name = "Pods-SampleDeveloperApp.release.xcconfig"; path = "Pods/Target Support Files/Pods-SampleDeveloperApp/Pods-SampleDeveloperApp.release.xcconfig"; sourceTree = "<group>"; };
/* End PBXFileReference section */

/* Begin PBXFrameworksBuildPhase section */
		E13079C92055CD8C0074CD5B /* Frameworks */ = {
			isa = PBXFrameworksBuildPhase;
			buildActionMask = 2147483647;
			files = (
				E13079EE2055CEAA0074CD5B /* FirebaseAuth.framework in Frameworks */,
				E13079F02055CEAE0074CD5B /* GTMSessionFetcher.framework in Frameworks */,
				E13079F42055CEB50074CD5B /* leveldb-library.framework in Frameworks */,
				E13079FC2055CEC10074CD5B /* FirebaseCoreDiagnostics.framework in Frameworks */,
				E13079FD2055CEC10074CD5B /* FirebaseNanoPB.framework in Frameworks */,
				E13079FE2055CEC10074CD5B /* FirebaseCore.framework in Frameworks */,
				E13079FF2055CEC10074CD5B /* FirebaseAnalytics.framework in Frameworks */,
				E1307A002055CEC10074CD5B /* nanopb.framework in Frameworks */,
				E1307A012055CEC10074CD5B /* GoogleToolboxForMac.framework in Frameworks */,
				E1307A022055CEC10074CD5B /* FirebaseInstanceID.framework in Frameworks */,
				E13079F22055CEB20074CD5B /* FirebaseDatabase.framework in Frameworks */,
				E1307A052055CED10074CD5B /* FirebaseStorage.framework in Frameworks */,
				E1307A062055CED10074CD5B /* GTMSessionFetcher.framework in Frameworks */,
			);
			runOnlyForDeploymentPostprocessing = 0;
		};
		E13079D22055CD8D0074CD5B /* Frameworks */ = {
			isa = PBXFrameworksBuildPhase;
			buildActionMask = 2147483647;
			files = (
				E13079D62055CD8D0074CD5B /* CKTrendsAPI.framework in Frameworks */,
			);
			runOnlyForDeploymentPostprocessing = 0;
		};
		E14CB1C91F77577C00F8C23F /* Frameworks */ = {
			isa = PBXFrameworksBuildPhase;
			buildActionMask = 2147483647;
			files = (
				E14CB2021F77591700F8C23F /* CloudKit.framework in Frameworks */,
				1DE77A4F8A73F2CC37E30F20 /* Pods_SampleDeveloperApp.framework in Frameworks */,
				E13079E22055CD8D0074CD5B /* CKTrendsAPI.framework in Frameworks */,
			);
			runOnlyForDeploymentPostprocessing = 0;
		};
		E14CB1DF1F77577C00F8C23F /* Frameworks */ = {
			isa = PBXFrameworksBuildPhase;
			buildActionMask = 2147483647;
			files = (
				C30E0DBF13BFC57C7AB60E17 /* Pods_SampleDeveloperAppTests.framework in Frameworks */,
				B8D2599CF9AE2611C3268FC5 /* Pods_SampleDeveloperApp_SampleDeveloperAppTests.framework in Frameworks */,
			);
			runOnlyForDeploymentPostprocessing = 0;
		};
		E14CB1EA1F77577C00F8C23F /* Frameworks */ = {
			isa = PBXFrameworksBuildPhase;
			buildActionMask = 2147483647;
			files = (
				7CD8CEF4A189A670EDB5D661 /* Pods_SampleDeveloperAppUITests.framework in Frameworks */,
				AF83A9241D2C0B4128F37F79 /* Pods_SampleDeveloperApp_SampleDeveloperAppUITests.framework in Frameworks */,
			);
			runOnlyForDeploymentPostprocessing = 0;
		};
/* End PBXFrameworksBuildPhase section */

/* Begin PBXGroup section */
		E13079CE2055CD8C0074CD5B /* CKTrendsAPI */ = {
			isa = PBXGroup;
			children = (
				E13079CF2055CD8C0074CD5B /* CKTrendsAPI.h */,
				E13079D02055CD8C0074CD5B /* Info.plist */,
			);
			path = CKTrendsAPI;
			sourceTree = "<group>";
		};
		E13079DB2055CD8D0074CD5B /* CKTrendsAPITests */ = {
			isa = PBXGroup;
			children = (
				E13079DC2055CD8D0074CD5B /* CKTrendsAPITests.swift */,
				E13079DE2055CD8D0074CD5B /* Info.plist */,
			);
			path = CKTrendsAPITests;
			sourceTree = "<group>";
		};
		E14CB1C31F77577C00F8C23F = {
			isa = PBXGroup;
			children = (
				E14CB1CE1F77577C00F8C23F /* SampleDeveloperApp */,
				E14CB1E51F77577C00F8C23F /* SampleDeveloperAppTests */,
				E14CB1F01F77577C00F8C23F /* SampleDeveloperAppUITests */,
				E13079CE2055CD8C0074CD5B /* CKTrendsAPI */,
				E13079DB2055CD8D0074CD5B /* CKTrendsAPITests */,
				E14CB1CD1F77577C00F8C23F /* Products */,
				E14CB2001F77591700F8C23F /* Frameworks */,
				F560DCCE99C8F94E63706F92 /* Pods */,
			);
			sourceTree = "<group>";
		};
		E14CB1CD1F77577C00F8C23F /* Products */ = {
			isa = PBXGroup;
			children = (
				E14CB1CC1F77577C00F8C23F /* SampleDeveloperApp.app */,
				E14CB1E21F77577C00F8C23F /* SampleDeveloperAppTests.xctest */,
				E14CB1ED1F77577C00F8C23F /* SampleDeveloperAppUITests.xctest */,
				E13079CD2055CD8C0074CD5B /* CKTrendsAPI.framework */,
				E13079D52055CD8D0074CD5B /* CKTrendsAPITests.xctest */,
			);
			name = Products;
			sourceTree = "<group>";
		};
		E14CB1CE1F77577C00F8C23F /* SampleDeveloperApp */ = {
			isa = PBXGroup;
			children = (
				E14CB1FF1F77591300F8C23F /* SampleDeveloperApp.entitlements */,
				E11E76731F8C816F00FEA764 /* GoogleService-Info.plist */,
				E14CB1CF1F77577C00F8C23F /* AppDelegate.swift */,
				E14CB1D11F77577C00F8C23F /* FirstViewController.swift */,
				E14CB1D31F77577C00F8C23F /* SecondViewController.swift */,
				E14CB1D51F77577C00F8C23F /* Main.storyboard */,
				E14CB1D81F77577C00F8C23F /* Assets.xcassets */,
				E14CB1DA1F77577C00F8C23F /* LaunchScreen.storyboard */,
				E14CB1DD1F77577C00F8C23F /* Info.plist */,
				E1731EE12011A45D0080646C /* CKTrendsUtilities.swift */,
				E11F526020549E1700DD8990 /* CKTrends.swift */,
			);
			path = SampleDeveloperApp;
			sourceTree = "<group>";
		};
		E14CB1E51F77577C00F8C23F /* SampleDeveloperAppTests */ = {
			isa = PBXGroup;
			children = (
				E14CB1E61F77577C00F8C23F /* SampleDeveloperAppTests.swift */,
				E14CB1E81F77577C00F8C23F /* Info.plist */,
			);
			path = SampleDeveloperAppTests;
			sourceTree = "<group>";
		};
		E14CB1F01F77577C00F8C23F /* SampleDeveloperAppUITests */ = {
			isa = PBXGroup;
			children = (
				E14CB1F11F77577C00F8C23F /* SampleDeveloperAppUITests.swift */,
				E14CB1F31F77577C00F8C23F /* Info.plist */,
			);
			path = SampleDeveloperAppUITests;
			sourceTree = "<group>";
		};
		E14CB2001F77591700F8C23F /* Frameworks */ = {
			isa = PBXGroup;
			children = (
				E1307A032055CED10074CD5B /* FirebaseStorage.framework */,
				E1307A042055CED10074CD5B /* GTMSessionFetcher.framework */,
				E13079F82055CEC10074CD5B /* FirebaseAnalytics.framework */,
				E13079F72055CEC10074CD5B /* FirebaseCore.framework */,
				E13079F52055CEC10074CD5B /* FirebaseCoreDiagnostics.framework */,
				E13079FB2055CEC10074CD5B /* FirebaseInstanceID.framework */,
				E13079F62055CEC10074CD5B /* FirebaseNanoPB.framework */,
				E13079FA2055CEC10074CD5B /* GoogleToolboxForMac.framework */,
				E13079F92055CEC10074CD5B /* nanopb.framework */,
				E13079F32055CEB50074CD5B /* leveldb-library.framework */,
				E13079F12055CEB20074CD5B /* FirebaseDatabase.framework */,
				E13079EF2055CEAE0074CD5B /* GTMSessionFetcher.framework */,
				E13079ED2055CEAA0074CD5B /* FirebaseAuth.framework */,
				E1B9C3F32014259B00B596AF /* PromiseKit.framework */,
				E1B9C3F12014259200B596AF /* PromiseKit.framework */,
				E1B9C3EF2014258700B596AF /* PromiseKit.framework */,
				E1B9C3ED2014063700B596AF /* PromiseKit.framework */,
				E14CB2011F77591700F8C23F /* CloudKit.framework */,
				8A31552F6CC49FE3FF26C3B8 /* Pods_SampleDeveloperApp.framework */,
				C9A417783EDAB654E9EFF656 /* Pods_SampleDeveloperAppTests.framework */,
				639CC45DF79D00CF7DA101BB /* Pods_SampleDeveloperAppUITests.framework */,
				3ABAD6BDC6463BF15F5CDDD2 /* Pods_SampleDeveloperApp_SampleDeveloperAppTests.framework */,
				53B6F9AAC6DB71BA924F1E5D /* Pods_SampleDeveloperApp_SampleDeveloperAppUITests.framework */,
			);
			name = Frameworks;
			sourceTree = "<group>";
		};
		F560DCCE99C8F94E63706F92 /* Pods */ = {
			isa = PBXGroup;
			children = (
				85507C50E5117CBE67B14FB8 /* Pods-SampleDeveloperApp.debug.xcconfig */,
				EBE9F5893BB2C2FBF78C8AF6 /* Pods-SampleDeveloperApp.release.xcconfig */,
				D24D217A15BB19D06A83C602 /* Pods-SampleDeveloperAppTests.debug.xcconfig */,
				9BE99335BD454EE0DA252C0C /* Pods-SampleDeveloperAppTests.release.xcconfig */,
				3F45A4C52056DFBDF71FFC15 /* Pods-SampleDeveloperAppUITests.debug.xcconfig */,
				6C02E4DDE68ED8A4F7EEA4BD /* Pods-SampleDeveloperAppUITests.release.xcconfig */,
				2E55A0879E3642A6B376588A /* Pods-SampleDeveloperApp-SampleDeveloperAppTests.debug.xcconfig */,
				985A9DC4B7B26D9E55CF79E4 /* Pods-SampleDeveloperApp-SampleDeveloperAppTests.release.xcconfig */,
				9C508BDF3357399EB9499A85 /* Pods-SampleDeveloperApp-SampleDeveloperAppUITests.debug.xcconfig */,
				59232E5DACCCADACC62A5123 /* Pods-SampleDeveloperApp-SampleDeveloperAppUITests.release.xcconfig */,
			);
			name = Pods;
			sourceTree = "<group>";
		};
/* End PBXGroup section */

/* Begin PBXHeadersBuildPhase section */
		E13079CA2055CD8C0074CD5B /* Headers */ = {
			isa = PBXHeadersBuildPhase;
			buildActionMask = 2147483647;
			files = (
				E13079DF2055CD8D0074CD5B /* CKTrendsAPI.h in Headers */,
			);
			runOnlyForDeploymentPostprocessing = 0;
		};
/* End PBXHeadersBuildPhase section */

/* Begin PBXNativeTarget section */
		E13079CC2055CD8C0074CD5B /* CKTrendsAPI */ = {
			isa = PBXNativeTarget;
			buildConfigurationList = E13079E82055CD8D0074CD5B /* Build configuration list for PBXNativeTarget "CKTrendsAPI" */;
			buildPhases = (
				E13079C82055CD8C0074CD5B /* Sources */,
				E13079C92055CD8C0074CD5B /* Frameworks */,
				E13079CA2055CD8C0074CD5B /* Headers */,
				E13079CB2055CD8C0074CD5B /* Resources */,
			);
			buildRules = (
			);
			dependencies = (
			);
			name = CKTrendsAPI;
			productName = CKTrendsAPI;
			productReference = E13079CD2055CD8C0074CD5B /* CKTrendsAPI.framework */;
			productType = "com.apple.product-type.framework";
		};
		E13079D42055CD8D0074CD5B /* CKTrendsAPITests */ = {
			isa = PBXNativeTarget;
			buildConfigurationList = E13079EA2055CD8D0074CD5B /* Build configuration list for PBXNativeTarget "CKTrendsAPITests" */;
			buildPhases = (
				E13079D12055CD8D0074CD5B /* Sources */,
				E13079D22055CD8D0074CD5B /* Frameworks */,
				E13079D32055CD8D0074CD5B /* Resources */,
			);
			buildRules = (
			);
			dependencies = (
				E13079D82055CD8D0074CD5B /* PBXTargetDependency */,
				E13079DA2055CD8D0074CD5B /* PBXTargetDependency */,
			);
			name = CKTrendsAPITests;
			productName = CKTrendsAPITests;
			productReference = E13079D52055CD8D0074CD5B /* CKTrendsAPITests.xctest */;
			productType = "com.apple.product-type.bundle.unit-test";
		};
		E14CB1CB1F77577C00F8C23F /* SampleDeveloperApp */ = {
			isa = PBXNativeTarget;
			buildConfigurationList = E14CB1F61F77577C00F8C23F /* Build configuration list for PBXNativeTarget "SampleDeveloperApp" */;
			buildPhases = (
				5142B2CAC60134CE674F935A /* [CP] Check Pods Manifest.lock */,
				E14CB1C81F77577C00F8C23F /* Sources */,
				E14CB1C91F77577C00F8C23F /* Frameworks */,
				E14CB1CA1F77577C00F8C23F /* Resources */,
				3AFD73CB96EAA388A1BBF312 /* [CP] Embed Pods Frameworks */,
				A1C043C3AF2C1A136257BDBC /* [CP] Copy Pods Resources */,
				E13079E92055CD8D0074CD5B /* Embed Frameworks */,
			);
			buildRules = (
			);
			dependencies = (
				E13079E12055CD8D0074CD5B /* PBXTargetDependency */,
			);
			name = SampleDeveloperApp;
			productName = SampleDeveloperApp;
			productReference = E14CB1CC1F77577C00F8C23F /* SampleDeveloperApp.app */;
			productType = "com.apple.product-type.application";
		};
		E14CB1E11F77577C00F8C23F /* SampleDeveloperAppTests */ = {
			isa = PBXNativeTarget;
			buildConfigurationList = E14CB1F91F77577C00F8C23F /* Build configuration list for PBXNativeTarget "SampleDeveloperAppTests" */;
			buildPhases = (
				4E8B04B11DF0713BA0CA1A47 /* [CP] Check Pods Manifest.lock */,
				E14CB1DE1F77577C00F8C23F /* Sources */,
				E14CB1DF1F77577C00F8C23F /* Frameworks */,
				E14CB1E01F77577C00F8C23F /* Resources */,
				9509964FC6D5BB72E4ACB370 /* [CP] Embed Pods Frameworks */,
				0F0D286CF45CBE2A3EF8C55A /* [CP] Copy Pods Resources */,
			);
			buildRules = (
			);
			dependencies = (
				E14CB1E41F77577C00F8C23F /* PBXTargetDependency */,
			);
			name = SampleDeveloperAppTests;
			productName = SampleDeveloperAppTests;
			productReference = E14CB1E21F77577C00F8C23F /* SampleDeveloperAppTests.xctest */;
			productType = "com.apple.product-type.bundle.unit-test";
		};
		E14CB1EC1F77577C00F8C23F /* SampleDeveloperAppUITests */ = {
			isa = PBXNativeTarget;
			buildConfigurationList = E14CB1FC1F77577C00F8C23F /* Build configuration list for PBXNativeTarget "SampleDeveloperAppUITests" */;
			buildPhases = (
				E4295F824FA27C5D5038DE58 /* [CP] Check Pods Manifest.lock */,
				E14CB1E91F77577C00F8C23F /* Sources */,
				E14CB1EA1F77577C00F8C23F /* Frameworks */,
				E14CB1EB1F77577C00F8C23F /* Resources */,
				2DEA9AE2C127CA776276A91F /* [CP] Embed Pods Frameworks */,
				28F26A3E372CA2ECC4C1AB81 /* [CP] Copy Pods Resources */,
			);
			buildRules = (
			);
			dependencies = (
				E14CB1EF1F77577C00F8C23F /* PBXTargetDependency */,
			);
			name = SampleDeveloperAppUITests;
			productName = SampleDeveloperAppUITests;
			productReference = E14CB1ED1F77577C00F8C23F /* SampleDeveloperAppUITests.xctest */;
			productType = "com.apple.product-type.bundle.ui-testing";
		};
/* End PBXNativeTarget section */

/* Begin PBXProject section */
		E14CB1C41F77577C00F8C23F /* Project object */ = {
			isa = PBXProject;
			attributes = {
				LastSwiftUpdateCheck = 0910;
				LastUpgradeCheck = 0910;
				ORGANIZATIONNAME = "Marissa Le Coz";
				TargetAttributes = {
					E13079CC2055CD8C0074CD5B = {
						CreatedOnToolsVersion = 9.1;
						DevelopmentTeam = 5422L7PASY;
						ProvisioningStyle = Automatic;
					};
					E13079D42055CD8D0074CD5B = {
						CreatedOnToolsVersion = 9.1;
						DevelopmentTeam = 5422L7PASY;
						ProvisioningStyle = Automatic;
						TestTargetID = E14CB1CB1F77577C00F8C23F;
					};
					E14CB1CB1F77577C00F8C23F = {
						CreatedOnToolsVersion = 8.3.3;
						DevelopmentTeam = 5422L7PASY;
						LastSwiftMigration = 0910;
						ProvisioningStyle = Automatic;
						SystemCapabilities = {
							com.apple.BackgroundModes = {
								enabled = 1;
							};
							com.apple.Push = {
								enabled = 1;
							};
							com.apple.iCloud = {
								enabled = 1;
							};
						};
					};
					E14CB1E11F77577C00F8C23F = {
						CreatedOnToolsVersion = 8.3.3;
						DevelopmentTeam = MC7DPLRVV7;
						LastSwiftMigration = 0910;
						ProvisioningStyle = Automatic;
						TestTargetID = E14CB1CB1F77577C00F8C23F;
					};
					E14CB1EC1F77577C00F8C23F = {
						CreatedOnToolsVersion = 8.3.3;
						DevelopmentTeam = MC7DPLRVV7;
						LastSwiftMigration = 0910;
						ProvisioningStyle = Automatic;
						TestTargetID = E14CB1CB1F77577C00F8C23F;
					};
				};
			};
			buildConfigurationList = E14CB1C71F77577C00F8C23F /* Build configuration list for PBXProject "SampleDeveloperApp" */;
			compatibilityVersion = "Xcode 3.2";
			developmentRegion = English;
			hasScannedForEncodings = 0;
			knownRegions = (
				en,
				Base,
			);
			mainGroup = E14CB1C31F77577C00F8C23F;
			productRefGroup = E14CB1CD1F77577C00F8C23F /* Products */;
			projectDirPath = "";
			projectRoot = "";
			targets = (
				E14CB1CB1F77577C00F8C23F /* SampleDeveloperApp */,
				E14CB1E11F77577C00F8C23F /* SampleDeveloperAppTests */,
				E14CB1EC1F77577C00F8C23F /* SampleDeveloperAppUITests */,
				E13079CC2055CD8C0074CD5B /* CKTrendsAPI */,
				E13079D42055CD8D0074CD5B /* CKTrendsAPITests */,
			);
		};
/* End PBXProject section */

/* Begin PBXResourcesBuildPhase section */
		E13079CB2055CD8C0074CD5B /* Resources */ = {
			isa = PBXResourcesBuildPhase;
			buildActionMask = 2147483647;
			files = (
			);
			runOnlyForDeploymentPostprocessing = 0;
		};
		E13079D32055CD8D0074CD5B /* Resources */ = {
			isa = PBXResourcesBuildPhase;
			buildActionMask = 2147483647;
			files = (
			);
			runOnlyForDeploymentPostprocessing = 0;
		};
		E14CB1CA1F77577C00F8C23F /* Resources */ = {
			isa = PBXResourcesBuildPhase;
			buildActionMask = 2147483647;
			files = (
				E14CB1DC1F77577C00F8C23F /* LaunchScreen.storyboard in Resources */,
				E11E76741F8C816F00FEA764 /* GoogleService-Info.plist in Resources */,
				E14CB1D91F77577C00F8C23F /* Assets.xcassets in Resources */,
				E14CB1D71F77577C00F8C23F /* Main.storyboard in Resources */,
			);
			runOnlyForDeploymentPostprocessing = 0;
		};
		E14CB1E01F77577C00F8C23F /* Resources */ = {
			isa = PBXResourcesBuildPhase;
			buildActionMask = 2147483647;
			files = (
				E11E76751F8C816F00FEA764 /* GoogleService-Info.plist in Resources */,
			);
			runOnlyForDeploymentPostprocessing = 0;
		};
		E14CB1EB1F77577C00F8C23F /* Resources */ = {
			isa = PBXResourcesBuildPhase;
			buildActionMask = 2147483647;
			files = (
				E11E76761F8C816F00FEA764 /* GoogleService-Info.plist in Resources */,
			);
			runOnlyForDeploymentPostprocessing = 0;
		};
/* End PBXResourcesBuildPhase section */

/* Begin PBXShellScriptBuildPhase section */
		0F0D286CF45CBE2A3EF8C55A /* [CP] Copy Pods Resources */ = {
			isa = PBXShellScriptBuildPhase;
			buildActionMask = 2147483647;
			files = (
			);
			inputPaths = (
			);
			name = "[CP] Copy Pods Resources";
			outputPaths = (
			);
			runOnlyForDeploymentPostprocessing = 0;
			shellPath = /bin/sh;
			shellScript = "\"${SRCROOT}/Pods/Target Support Files/Pods-SampleDeveloperAppTests/Pods-SampleDeveloperAppTests-resources.sh\"\n";
			showEnvVarsInLog = 0;
		};
		28F26A3E372CA2ECC4C1AB81 /* [CP] Copy Pods Resources */ = {
			isa = PBXShellScriptBuildPhase;
			buildActionMask = 2147483647;
			files = (
			);
			inputPaths = (
			);
			name = "[CP] Copy Pods Resources";
			outputPaths = (
			);
			runOnlyForDeploymentPostprocessing = 0;
			shellPath = /bin/sh;
			shellScript = "\"${SRCROOT}/Pods/Target Support Files/Pods-SampleDeveloperAppUITests/Pods-SampleDeveloperAppUITests-resources.sh\"\n";
			showEnvVarsInLog = 0;
		};
		2DEA9AE2C127CA776276A91F /* [CP] Embed Pods Frameworks */ = {
			isa = PBXShellScriptBuildPhase;
			buildActionMask = 2147483647;
			files = (
			);
			inputPaths = (
			);
			name = "[CP] Embed Pods Frameworks";
			outputPaths = (
			);
			runOnlyForDeploymentPostprocessing = 0;
			shellPath = /bin/sh;
			shellScript = "\"${SRCROOT}/Pods/Target Support Files/Pods-SampleDeveloperAppUITests/Pods-SampleDeveloperAppUITests-frameworks.sh\"\n";
			showEnvVarsInLog = 0;
		};
		3AFD73CB96EAA388A1BBF312 /* [CP] Embed Pods Frameworks */ = {
			isa = PBXShellScriptBuildPhase;
			buildActionMask = 2147483647;
			files = (
			);
			inputPaths = (
			);
			name = "[CP] Embed Pods Frameworks";
			outputPaths = (
			);
			runOnlyForDeploymentPostprocessing = 0;
			shellPath = /bin/sh;
			shellScript = "\"${SRCROOT}/Pods/Target Support Files/Pods-SampleDeveloperApp/Pods-SampleDeveloperApp-frameworks.sh\"\n";
			showEnvVarsInLog = 0;
		};
		4E8B04B11DF0713BA0CA1A47 /* [CP] Check Pods Manifest.lock */ = {
			isa = PBXShellScriptBuildPhase;
			buildActionMask = 2147483647;
			files = (
			);
			inputPaths = (
			);
			name = "[CP] Check Pods Manifest.lock";
			outputPaths = (
			);
			runOnlyForDeploymentPostprocessing = 0;
			shellPath = /bin/sh;
			shellScript = "diff \"${PODS_ROOT}/../Podfile.lock\" \"${PODS_ROOT}/Manifest.lock\" > /dev/null\nif [ $? != 0 ] ; then\n    # print error to STDERR\n    echo \"error: The sandbox is not in sync with the Podfile.lock. Run 'pod install' or update your CocoaPods installation.\" >&2\n    exit 1\nfi\n";
			showEnvVarsInLog = 0;
		};
		5142B2CAC60134CE674F935A /* [CP] Check Pods Manifest.lock */ = {
			isa = PBXShellScriptBuildPhase;
			buildActionMask = 2147483647;
			files = (
			);
			inputPaths = (
			);
			name = "[CP] Check Pods Manifest.lock";
			outputPaths = (
			);
			runOnlyForDeploymentPostprocessing = 0;
			shellPath = /bin/sh;
			shellScript = "diff \"${PODS_ROOT}/../Podfile.lock\" \"${PODS_ROOT}/Manifest.lock\" > /dev/null\nif [ $? != 0 ] ; then\n    # print error to STDERR\n    echo \"error: The sandbox is not in sync with the Podfile.lock. Run 'pod install' or update your CocoaPods installation.\" >&2\n    exit 1\nfi\n";
			showEnvVarsInLog = 0;
		};
		9509964FC6D5BB72E4ACB370 /* [CP] Embed Pods Frameworks */ = {
			isa = PBXShellScriptBuildPhase;
			buildActionMask = 2147483647;
			files = (
			);
			inputPaths = (
			);
			name = "[CP] Embed Pods Frameworks";
			outputPaths = (
			);
			runOnlyForDeploymentPostprocessing = 0;
			shellPath = /bin/sh;
			shellScript = "\"${SRCROOT}/Pods/Target Support Files/Pods-SampleDeveloperAppTests/Pods-SampleDeveloperAppTests-frameworks.sh\"\n";
			showEnvVarsInLog = 0;
		};
		A1C043C3AF2C1A136257BDBC /* [CP] Copy Pods Resources */ = {
			isa = PBXShellScriptBuildPhase;
			buildActionMask = 2147483647;
			files = (
			);
			inputPaths = (
			);
			name = "[CP] Copy Pods Resources";
			outputPaths = (
			);
			runOnlyForDeploymentPostprocessing = 0;
			shellPath = /bin/sh;
			shellScript = "\"${SRCROOT}/Pods/Target Support Files/Pods-SampleDeveloperApp/Pods-SampleDeveloperApp-resources.sh\"\n";
			showEnvVarsInLog = 0;
		};
		E4295F824FA27C5D5038DE58 /* [CP] Check Pods Manifest.lock */ = {
			isa = PBXShellScriptBuildPhase;
			buildActionMask = 2147483647;
			files = (
			);
			inputPaths = (
			);
			name = "[CP] Check Pods Manifest.lock";
			outputPaths = (
			);
			runOnlyForDeploymentPostprocessing = 0;
			shellPath = /bin/sh;
			shellScript = "diff \"${PODS_ROOT}/../Podfile.lock\" \"${PODS_ROOT}/Manifest.lock\" > /dev/null\nif [ $? != 0 ] ; then\n    # print error to STDERR\n    echo \"error: The sandbox is not in sync with the Podfile.lock. Run 'pod install' or update your CocoaPods installation.\" >&2\n    exit 1\nfi\n";
			showEnvVarsInLog = 0;
		};
/* End PBXShellScriptBuildPhase section */

/* Begin PBXSourcesBuildPhase section */
		E13079C82055CD8C0074CD5B /* Sources */ = {
			isa = PBXSourcesBuildPhase;
			buildActionMask = 2147483647;
			files = (
				E13079EC2055CDAD0074CD5B /* CKTrendsUtilities.swift in Sources */,
				E13079EB2055CDA80074CD5B /* CKTrends.swift in Sources */,
			);
			runOnlyForDeploymentPostprocessing = 0;
		};
		E13079D12055CD8D0074CD5B /* Sources */ = {
			isa = PBXSourcesBuildPhase;
			buildActionMask = 2147483647;
			files = (
				E13079DD2055CD8D0074CD5B /* CKTrendsAPITests.swift in Sources */,
			);
			runOnlyForDeploymentPostprocessing = 0;
		};
		E14CB1C81F77577C00F8C23F /* Sources */ = {
			isa = PBXSourcesBuildPhase;
			buildActionMask = 2147483647;
			files = (
				E1731EE22011A45D0080646C /* CKTrendsUtilities.swift in Sources */,
				E14CB1D41F77577C00F8C23F /* SecondViewController.swift in Sources */,
				E11F526120549E1700DD8990 /* CKTrends.swift in Sources */,
				E14CB1D01F77577C00F8C23F /* AppDelegate.swift in Sources */,
				E14CB1D21F77577C00F8C23F /* FirstViewController.swift in Sources */,
			);
			runOnlyForDeploymentPostprocessing = 0;
		};
		E14CB1DE1F77577C00F8C23F /* Sources */ = {
			isa = PBXSourcesBuildPhase;
			buildActionMask = 2147483647;
			files = (
				E14CB1E71F77577C00F8C23F /* SampleDeveloperAppTests.swift in Sources */,
			);
			runOnlyForDeploymentPostprocessing = 0;
		};
		E14CB1E91F77577C00F8C23F /* Sources */ = {
			isa = PBXSourcesBuildPhase;
			buildActionMask = 2147483647;
			files = (
				E14CB1F21F77577C00F8C23F /* SampleDeveloperAppUITests.swift in Sources */,
			);
			runOnlyForDeploymentPostprocessing = 0;
		};
/* End PBXSourcesBuildPhase section */

/* Begin PBXTargetDependency section */
		E13079D82055CD8D0074CD5B /* PBXTargetDependency */ = {
			isa = PBXTargetDependency;
			target = E13079CC2055CD8C0074CD5B /* CKTrendsAPI */;
			targetProxy = E13079D72055CD8D0074CD5B /* PBXContainerItemProxy */;
		};
		E13079DA2055CD8D0074CD5B /* PBXTargetDependency */ = {
			isa = PBXTargetDependency;
			target = E14CB1CB1F77577C00F8C23F /* SampleDeveloperApp */;
			targetProxy = E13079D92055CD8D0074CD5B /* PBXContainerItemProxy */;
		};
		E13079E12055CD8D0074CD5B /* PBXTargetDependency */ = {
			isa = PBXTargetDependency;
			target = E13079CC2055CD8C0074CD5B /* CKTrendsAPI */;
			targetProxy = E13079E02055CD8D0074CD5B /* PBXContainerItemProxy */;
		};
		E14CB1E41F77577C00F8C23F /* PBXTargetDependency */ = {
			isa = PBXTargetDependency;
			target = E14CB1CB1F77577C00F8C23F /* SampleDeveloperApp */;
			targetProxy = E14CB1E31F77577C00F8C23F /* PBXContainerItemProxy */;
		};
		E14CB1EF1F77577C00F8C23F /* PBXTargetDependency */ = {
			isa = PBXTargetDependency;
			target = E14CB1CB1F77577C00F8C23F /* SampleDeveloperApp */;
			targetProxy = E14CB1EE1F77577C00F8C23F /* PBXContainerItemProxy */;
		};
/* End PBXTargetDependency section */

/* Begin PBXVariantGroup section */
		E14CB1D51F77577C00F8C23F /* Main.storyboard */ = {
			isa = PBXVariantGroup;
			children = (
				E14CB1D61F77577C00F8C23F /* Base */,
			);
			name = Main.storyboard;
			sourceTree = "<group>";
		};
		E14CB1DA1F77577C00F8C23F /* LaunchScreen.storyboard */ = {
			isa = PBXVariantGroup;
			children = (
				E14CB1DB1F77577C00F8C23F /* Base */,
			);
			name = LaunchScreen.storyboard;
			sourceTree = "<group>";
		};
/* End PBXVariantGroup section */

/* Begin XCBuildConfiguration section */
		E13079E42055CD8D0074CD5B /* Debug */ = {
			isa = XCBuildConfiguration;
			buildSettings = {
				CLANG_CXX_LANGUAGE_STANDARD = "gnu++14";
				CLANG_WARN_UNGUARDED_AVAILABILITY = YES_AGGRESSIVE;
				CODE_SIGN_IDENTITY = "iPhone Developer";
				CODE_SIGN_STYLE = Automatic;
				CURRENT_PROJECT_VERSION = 1;
				DEFINES_MODULE = YES;
				DEVELOPMENT_TEAM = 5422L7PASY;
				DYLIB_COMPATIBILITY_VERSION = 1;
				DYLIB_CURRENT_VERSION = 1;
				DYLIB_INSTALL_NAME_BASE = "@rpath";
				FRAMEWORK_SEARCH_PATHS = (
					"$(inherited)",
					"$(PROJECT_DIR)/Firebase/Auth",
					"$(PROJECT_DIR)/Firebase/Database",
					"$(PROJECT_DIR)/Firebase/Analytics",
					"$(PROJECT_DIR)/Firebase/Storage",
				);
				GCC_C_LANGUAGE_STANDARD = gnu11;
				INFOPLIST_FILE = CKTrendsAPI/Info.plist;
				INSTALL_PATH = "$(LOCAL_LIBRARY_DIR)/Frameworks";
				IPHONEOS_DEPLOYMENT_TARGET = 10.0;
				LD_RUNPATH_SEARCH_PATHS = "$(inherited) @executable_path/Frameworks @loader_path/Frameworks";
				PRODUCT_BUNDLE_IDENTIFIER = com.MarissaLeCoz.CKTrendsAPI;
				PRODUCT_NAME = "$(TARGET_NAME:c99extidentifier)";
				SKIP_INSTALL = YES;
				SWIFT_VERSION = 4.0;
				TARGETED_DEVICE_FAMILY = "1,2";
				VERSIONING_SYSTEM = "apple-generic";
				VERSION_INFO_PREFIX = "";
			};
			name = Debug;
		};
		E13079E52055CD8D0074CD5B /* Release */ = {
			isa = XCBuildConfiguration;
			buildSettings = {
				CLANG_CXX_LANGUAGE_STANDARD = "gnu++14";
				CLANG_WARN_UNGUARDED_AVAILABILITY = YES_AGGRESSIVE;
				CODE_SIGN_IDENTITY = "iPhone Developer";
				CODE_SIGN_STYLE = Automatic;
				CURRENT_PROJECT_VERSION = 1;
				DEFINES_MODULE = YES;
				DEVELOPMENT_TEAM = 5422L7PASY;
				DYLIB_COMPATIBILITY_VERSION = 1;
				DYLIB_CURRENT_VERSION = 1;
				DYLIB_INSTALL_NAME_BASE = "@rpath";
				FRAMEWORK_SEARCH_PATHS = (
					"$(inherited)",
					"$(PROJECT_DIR)/Firebase/Auth",
					"$(PROJECT_DIR)/Firebase/Database",
					"$(PROJECT_DIR)/Firebase/Analytics",
					"$(PROJECT_DIR)/Firebase/Storage",
				);
				GCC_C_LANGUAGE_STANDARD = gnu11;
				INFOPLIST_FILE = CKTrendsAPI/Info.plist;
				INSTALL_PATH = "$(LOCAL_LIBRARY_DIR)/Frameworks";
				IPHONEOS_DEPLOYMENT_TARGET = 10.0;
				LD_RUNPATH_SEARCH_PATHS = "$(inherited) @executable_path/Frameworks @loader_path/Frameworks";
				PRODUCT_BUNDLE_IDENTIFIER = com.MarissaLeCoz.CKTrendsAPI;
				PRODUCT_NAME = "$(TARGET_NAME:c99extidentifier)";
				SKIP_INSTALL = YES;
				SWIFT_VERSION = 4.0;
				TARGETED_DEVICE_FAMILY = "1,2";
				VERSIONING_SYSTEM = "apple-generic";
				VERSION_INFO_PREFIX = "";
			};
			name = Release;
		};
		E13079E62055CD8D0074CD5B /* Debug */ = {
			isa = XCBuildConfiguration;
			buildSettings = {
				ALWAYS_EMBED_SWIFT_STANDARD_LIBRARIES = YES;
				CLANG_CXX_LANGUAGE_STANDARD = "gnu++14";
				CLANG_WARN_UNGUARDED_AVAILABILITY = YES_AGGRESSIVE;
				CODE_SIGN_IDENTITY = "iPhone Developer";
				CODE_SIGN_STYLE = Automatic;
				DEVELOPMENT_TEAM = 5422L7PASY;
				GCC_C_LANGUAGE_STANDARD = gnu11;
				INFOPLIST_FILE = CKTrendsAPITests/Info.plist;
				IPHONEOS_DEPLOYMENT_TARGET = 11.1;
				LD_RUNPATH_SEARCH_PATHS = "$(inherited) @executable_path/Frameworks @loader_path/Frameworks";
				PRODUCT_BUNDLE_IDENTIFIER = com.MarissaLeCoz.CKTrendsAPITests;
				PRODUCT_NAME = "$(TARGET_NAME)";
				SWIFT_VERSION = 4.0;
				TARGETED_DEVICE_FAMILY = "1,2";
				TEST_HOST = "$(BUILT_PRODUCTS_DIR)/SampleDeveloperApp.app/SampleDeveloperApp";
			};
			name = Debug;
		};
		E13079E72055CD8D0074CD5B /* Release */ = {
			isa = XCBuildConfiguration;
			buildSettings = {
				ALWAYS_EMBED_SWIFT_STANDARD_LIBRARIES = YES;
				CLANG_CXX_LANGUAGE_STANDARD = "gnu++14";
				CLANG_WARN_UNGUARDED_AVAILABILITY = YES_AGGRESSIVE;
				CODE_SIGN_IDENTITY = "iPhone Developer";
				CODE_SIGN_STYLE = Automatic;
				DEVELOPMENT_TEAM = 5422L7PASY;
				GCC_C_LANGUAGE_STANDARD = gnu11;
				INFOPLIST_FILE = CKTrendsAPITests/Info.plist;
				IPHONEOS_DEPLOYMENT_TARGET = 11.1;
				LD_RUNPATH_SEARCH_PATHS = "$(inherited) @executable_path/Frameworks @loader_path/Frameworks";
				PRODUCT_BUNDLE_IDENTIFIER = com.MarissaLeCoz.CKTrendsAPITests;
				PRODUCT_NAME = "$(TARGET_NAME)";
				SWIFT_VERSION = 4.0;
				TARGETED_DEVICE_FAMILY = "1,2";
				TEST_HOST = "$(BUILT_PRODUCTS_DIR)/SampleDeveloperApp.app/SampleDeveloperApp";
			};
			name = Release;
		};
		E14CB1F41F77577C00F8C23F /* Debug */ = {
			isa = XCBuildConfiguration;
			buildSettings = {
				ALWAYS_SEARCH_USER_PATHS = NO;
				CLANG_ANALYZER_NONNULL = YES;
				CLANG_ANALYZER_NUMBER_OBJECT_CONVERSION = YES_AGGRESSIVE;
				CLANG_CXX_LANGUAGE_STANDARD = "gnu++0x";
				CLANG_CXX_LIBRARY = "libc++";
				CLANG_ENABLE_MODULES = YES;
				CLANG_ENABLE_OBJC_ARC = YES;
				CLANG_WARN_BLOCK_CAPTURE_AUTORELEASING = YES;
				CLANG_WARN_BOOL_CONVERSION = YES;
				CLANG_WARN_COMMA = YES;
				CLANG_WARN_CONSTANT_CONVERSION = YES;
				CLANG_WARN_DIRECT_OBJC_ISA_USAGE = YES_ERROR;
				CLANG_WARN_DOCUMENTATION_COMMENTS = YES;
				CLANG_WARN_EMPTY_BODY = YES;
				CLANG_WARN_ENUM_CONVERSION = YES;
				CLANG_WARN_INFINITE_RECURSION = YES;
				CLANG_WARN_INT_CONVERSION = YES;
				CLANG_WARN_NON_LITERAL_NULL_CONVERSION = YES;
				CLANG_WARN_OBJC_LITERAL_CONVERSION = YES;
				CLANG_WARN_OBJC_ROOT_CLASS = YES_ERROR;
				CLANG_WARN_RANGE_LOOP_ANALYSIS = YES;
				CLANG_WARN_STRICT_PROTOTYPES = YES;
				CLANG_WARN_SUSPICIOUS_MOVE = YES;
				CLANG_WARN_UNREACHABLE_CODE = YES;
				CLANG_WARN__DUPLICATE_METHOD_MATCH = YES;
				"CODE_SIGN_IDENTITY[sdk=iphoneos*]" = "iPhone Developer";
				COPY_PHASE_STRIP = NO;
				DEBUG_INFORMATION_FORMAT = dwarf;
				ENABLE_STRICT_OBJC_MSGSEND = YES;
				ENABLE_TESTABILITY = YES;
				GCC_C_LANGUAGE_STANDARD = gnu99;
				GCC_DYNAMIC_NO_PIC = NO;
				GCC_NO_COMMON_BLOCKS = YES;
				GCC_OPTIMIZATION_LEVEL = 0;
				GCC_PREPROCESSOR_DEFINITIONS = (
					"DEBUG=1",
					"$(inherited)",
				);
				GCC_WARN_64_TO_32_BIT_CONVERSION = YES;
				GCC_WARN_ABOUT_RETURN_TYPE = YES_ERROR;
				GCC_WARN_UNDECLARED_SELECTOR = YES;
				GCC_WARN_UNINITIALIZED_AUTOS = YES_AGGRESSIVE;
				GCC_WARN_UNUSED_FUNCTION = YES;
				GCC_WARN_UNUSED_VARIABLE = YES;
				IPHONEOS_DEPLOYMENT_TARGET = 10.3;
				MTL_ENABLE_DEBUG_INFO = YES;
				ONLY_ACTIVE_ARCH = YES;
				SDKROOT = iphoneos;
				SWIFT_ACTIVE_COMPILATION_CONDITIONS = DEBUG;
				SWIFT_OPTIMIZATION_LEVEL = "-Onone";
			};
			name = Debug;
		};
		E14CB1F51F77577C00F8C23F /* Release */ = {
			isa = XCBuildConfiguration;
			buildSettings = {
				ALWAYS_SEARCH_USER_PATHS = NO;
				CLANG_ANALYZER_NONNULL = YES;
				CLANG_ANALYZER_NUMBER_OBJECT_CONVERSION = YES_AGGRESSIVE;
				CLANG_CXX_LANGUAGE_STANDARD = "gnu++0x";
				CLANG_CXX_LIBRARY = "libc++";
				CLANG_ENABLE_MODULES = YES;
				CLANG_ENABLE_OBJC_ARC = YES;
				CLANG_WARN_BLOCK_CAPTURE_AUTORELEASING = YES;
				CLANG_WARN_BOOL_CONVERSION = YES;
				CLANG_WARN_COMMA = YES;
				CLANG_WARN_CONSTANT_CONVERSION = YES;
				CLANG_WARN_DIRECT_OBJC_ISA_USAGE = YES_ERROR;
				CLANG_WARN_DOCUMENTATION_COMMENTS = YES;
				CLANG_WARN_EMPTY_BODY = YES;
				CLANG_WARN_ENUM_CONVERSION = YES;
				CLANG_WARN_INFINITE_RECURSION = YES;
				CLANG_WARN_INT_CONVERSION = YES;
				CLANG_WARN_NON_LITERAL_NULL_CONVERSION = YES;
				CLANG_WARN_OBJC_LITERAL_CONVERSION = YES;
				CLANG_WARN_OBJC_ROOT_CLASS = YES_ERROR;
				CLANG_WARN_RANGE_LOOP_ANALYSIS = YES;
				CLANG_WARN_STRICT_PROTOTYPES = YES;
				CLANG_WARN_SUSPICIOUS_MOVE = YES;
				CLANG_WARN_UNREACHABLE_CODE = YES;
				CLANG_WARN__DUPLICATE_METHOD_MATCH = YES;
				"CODE_SIGN_IDENTITY[sdk=iphoneos*]" = "iPhone Developer";
				COPY_PHASE_STRIP = NO;
				DEBUG_INFORMATION_FORMAT = "dwarf-with-dsym";
				ENABLE_NS_ASSERTIONS = NO;
				ENABLE_STRICT_OBJC_MSGSEND = YES;
				GCC_C_LANGUAGE_STANDARD = gnu99;
				GCC_NO_COMMON_BLOCKS = YES;
				GCC_WARN_64_TO_32_BIT_CONVERSION = YES;
				GCC_WARN_ABOUT_RETURN_TYPE = YES_ERROR;
				GCC_WARN_UNDECLARED_SELECTOR = YES;
				GCC_WARN_UNINITIALIZED_AUTOS = YES_AGGRESSIVE;
				GCC_WARN_UNUSED_FUNCTION = YES;
				GCC_WARN_UNUSED_VARIABLE = YES;
				IPHONEOS_DEPLOYMENT_TARGET = 10.3;
				MTL_ENABLE_DEBUG_INFO = NO;
				SDKROOT = iphoneos;
				SWIFT_OPTIMIZATION_LEVEL = "-Owholemodule";
				VALIDATE_PRODUCT = YES;
			};
			name = Release;
		};
		E14CB1F71F77577C00F8C23F /* Debug */ = {
			isa = XCBuildConfiguration;
			baseConfigurationReference = 85507C50E5117CBE67B14FB8 /* Pods-SampleDeveloperApp.debug.xcconfig */;
			buildSettings = {
				ALWAYS_EMBED_SWIFT_STANDARD_LIBRARIES = YES;
				ASSETCATALOG_COMPILER_APPICON_NAME = AppIcon;
				CODE_SIGN_ENTITLEMENTS = SampleDeveloperApp/SampleDeveloperApp.entitlements;
				CODE_SIGN_IDENTITY = "iPhone Developer";
				"CODE_SIGN_IDENTITY[sdk=iphoneos*]" = "iPhone Developer";
				DEVELOPMENT_TEAM = 5422L7PASY;
				INFOPLIST_FILE = SampleDeveloperApp/Info.plist;
				IPHONEOS_DEPLOYMENT_TARGET = 10.0;
				LD_RUNPATH_SEARCH_PATHS = "$(inherited) @executable_path/Frameworks";
				PRODUCT_BUNDLE_IDENTIFIER = com.MarissaLeCozz.SampleDeveloperApp;
				PRODUCT_NAME = "$(TARGET_NAME)";
				PROVISIONING_PROFILE_SPECIFIER = "";
				SWIFT_SWIFT3_OBJC_INFERENCE = Default;
				SWIFT_VERSION = 4.0;
			};
			name = Debug;
		};
		E14CB1F81F77577C00F8C23F /* Release */ = {
			isa = XCBuildConfiguration;
			baseConfigurationReference = EBE9F5893BB2C2FBF78C8AF6 /* Pods-SampleDeveloperApp.release.xcconfig */;
			buildSettings = {
				ALWAYS_EMBED_SWIFT_STANDARD_LIBRARIES = YES;
				ASSETCATALOG_COMPILER_APPICON_NAME = AppIcon;
				CODE_SIGN_ENTITLEMENTS = SampleDeveloperApp/SampleDeveloperApp.entitlements;
				CODE_SIGN_IDENTITY = "iPhone Developer";
				"CODE_SIGN_IDENTITY[sdk=iphoneos*]" = "iPhone Developer";
				DEVELOPMENT_TEAM = 5422L7PASY;
				INFOPLIST_FILE = SampleDeveloperApp/Info.plist;
				IPHONEOS_DEPLOYMENT_TARGET = 10.0;
				LD_RUNPATH_SEARCH_PATHS = "$(inherited) @executable_path/Frameworks";
				PRODUCT_BUNDLE_IDENTIFIER = com.MarissaLeCozz.SampleDeveloperApp;
				PRODUCT_NAME = "$(TARGET_NAME)";
				PROVISIONING_PROFILE_SPECIFIER = "";
				SWIFT_SWIFT3_OBJC_INFERENCE = Default;
				SWIFT_VERSION = 4.0;
			};
			name = Release;
		};
		E14CB1FA1F77577C00F8C23F /* Debug */ = {
			isa = XCBuildConfiguration;
			baseConfigurationReference = D24D217A15BB19D06A83C602 /* Pods-SampleDeveloperAppTests.debug.xcconfig */;
			buildSettings = {
				ALWAYS_EMBED_SWIFT_STANDARD_LIBRARIES = YES;
				BUNDLE_LOADER = "$(TEST_HOST)";
				DEVELOPMENT_TEAM = MC7DPLRVV7;
				INFOPLIST_FILE = SampleDeveloperAppTests/Info.plist;
				LD_RUNPATH_SEARCH_PATHS = "$(inherited) @executable_path/Frameworks @loader_path/Frameworks";
				PRODUCT_BUNDLE_IDENTIFIER = com.MarissaLeCoz.SampleDeveloperAppTests;
				PRODUCT_NAME = "$(TARGET_NAME)";
				SWIFT_SWIFT3_OBJC_INFERENCE = On;
				SWIFT_VERSION = 4.0;
				TEST_HOST = "$(BUILT_PRODUCTS_DIR)/SampleDeveloperApp.app/SampleDeveloperApp";
			};
			name = Debug;
		};
		E14CB1FB1F77577C00F8C23F /* Release */ = {
			isa = XCBuildConfiguration;
			baseConfigurationReference = 9BE99335BD454EE0DA252C0C /* Pods-SampleDeveloperAppTests.release.xcconfig */;
			buildSettings = {
				ALWAYS_EMBED_SWIFT_STANDARD_LIBRARIES = YES;
				BUNDLE_LOADER = "$(TEST_HOST)";
				DEVELOPMENT_TEAM = MC7DPLRVV7;
				INFOPLIST_FILE = SampleDeveloperAppTests/Info.plist;
				LD_RUNPATH_SEARCH_PATHS = "$(inherited) @executable_path/Frameworks @loader_path/Frameworks";
				PRODUCT_BUNDLE_IDENTIFIER = com.MarissaLeCoz.SampleDeveloperAppTests;
				PRODUCT_NAME = "$(TARGET_NAME)";
				SWIFT_SWIFT3_OBJC_INFERENCE = On;
				SWIFT_VERSION = 4.0;
				TEST_HOST = "$(BUILT_PRODUCTS_DIR)/SampleDeveloperApp.app/SampleDeveloperApp";
			};
			name = Release;
		};
		E14CB1FD1F77577C00F8C23F /* Debug */ = {
			isa = XCBuildConfiguration;
			baseConfigurationReference = 3F45A4C52056DFBDF71FFC15 /* Pods-SampleDeveloperAppUITests.debug.xcconfig */;
			buildSettings = {
				ALWAYS_EMBED_SWIFT_STANDARD_LIBRARIES = YES;
				DEVELOPMENT_TEAM = MC7DPLRVV7;
				INFOPLIST_FILE = SampleDeveloperAppUITests/Info.plist;
				LD_RUNPATH_SEARCH_PATHS = "$(inherited) @executable_path/Frameworks @loader_path/Frameworks";
				PRODUCT_BUNDLE_IDENTIFIER = com.MarissaLeCoz.SampleDeveloperAppUITests;
				PRODUCT_NAME = "$(TARGET_NAME)";
				SWIFT_SWIFT3_OBJC_INFERENCE = On;
				SWIFT_VERSION = 4.0;
				TEST_TARGET_NAME = SampleDeveloperApp;
			};
			name = Debug;
		};
		E14CB1FE1F77577C00F8C23F /* Release */ = {
			isa = XCBuildConfiguration;
			baseConfigurationReference = 6C02E4DDE68ED8A4F7EEA4BD /* Pods-SampleDeveloperAppUITests.release.xcconfig */;
			buildSettings = {
				ALWAYS_EMBED_SWIFT_STANDARD_LIBRARIES = YES;
				DEVELOPMENT_TEAM = MC7DPLRVV7;
				INFOPLIST_FILE = SampleDeveloperAppUITests/Info.plist;
				LD_RUNPATH_SEARCH_PATHS = "$(inherited) @executable_path/Frameworks @loader_path/Frameworks";
				PRODUCT_BUNDLE_IDENTIFIER = com.MarissaLeCoz.SampleDeveloperAppUITests;
				PRODUCT_NAME = "$(TARGET_NAME)";
				SWIFT_SWIFT3_OBJC_INFERENCE = On;
				SWIFT_VERSION = 4.0;
				TEST_TARGET_NAME = SampleDeveloperApp;
			};
			name = Release;
		};
/* End XCBuildConfiguration section */

/* Begin XCConfigurationList section */
		E13079E82055CD8D0074CD5B /* Build configuration list for PBXNativeTarget "CKTrendsAPI" */ = {
			isa = XCConfigurationList;
			buildConfigurations = (
				E13079E42055CD8D0074CD5B /* Debug */,
				E13079E52055CD8D0074CD5B /* Release */,
			);
			defaultConfigurationIsVisible = 0;
			defaultConfigurationName = Release;
		};
		E13079EA2055CD8D0074CD5B /* Build configuration list for PBXNativeTarget "CKTrendsAPITests" */ = {
			isa = XCConfigurationList;
			buildConfigurations = (
				E13079E62055CD8D0074CD5B /* Debug */,
				E13079E72055CD8D0074CD5B /* Release */,
			);
			defaultConfigurationIsVisible = 0;
			defaultConfigurationName = Release;
		};
		E14CB1C71F77577C00F8C23F /* Build configuration list for PBXProject "SampleDeveloperApp" */ = {
			isa = XCConfigurationList;
			buildConfigurations = (
				E14CB1F41F77577C00F8C23F /* Debug */,
				E14CB1F51F77577C00F8C23F /* Release */,
			);
			defaultConfigurationIsVisible = 0;
			defaultConfigurationName = Release;
		};
		E14CB1F61F77577C00F8C23F /* Build configuration list for PBXNativeTarget "SampleDeveloperApp" */ = {
			isa = XCConfigurationList;
			buildConfigurations = (
				E14CB1F71F77577C00F8C23F /* Debug */,
				E14CB1F81F77577C00F8C23F /* Release */,
			);
			defaultConfigurationIsVisible = 0;
			defaultConfigurationName = Release;
		};
		E14CB1F91F77577C00F8C23F /* Build configuration list for PBXNativeTarget "SampleDeveloperAppTests" */ = {
			isa = XCConfigurationList;
			buildConfigurations = (
				E14CB1FA1F77577C00F8C23F /* Debug */,
				E14CB1FB1F77577C00F8C23F /* Release */,
			);
			defaultConfigurationIsVisible = 0;
			defaultConfigurationName = Release;
		};
		E14CB1FC1F77577C00F8C23F /* Build configuration list for PBXNativeTarget "SampleDeveloperAppUITests" */ = {
			isa = XCConfigurationList;
			buildConfigurations = (
				E14CB1FD1F77577C00F8C23F /* Debug */,
				E14CB1FE1F77577C00F8C23F /* Release */,
			);
			defaultConfigurationIsVisible = 0;
			defaultConfigurationName = Release;
		};
/* End XCConfigurationList section */
	};
	rootObject = E14CB1C41F77577C00F8C23F /* Project object */;
}
